{
  "name": "@geoapify/angular-geocoder-autocomplete",
  "version": "3.0.0",
  "lockfileVersion": 3,
  "requires": true,
  "packages": {
    "": {
      "name": "@geoapify/angular-geocoder-autocomplete",
      "version": "3.0.0",
      "license": "MIT",
      "dependencies": {
        "tslib": "^2.7.0"
      },
      "peerDependencies": {
        "@angular/common": "19.0.0 - 20.99999.99999",
        "@angular/core": "19.0.0 - 20.99999.99999",
        "@geoapify/geocoder-autocomplete": "^3.0.1"
      }
    },
    "node_modules/@angular/common": {
      "version": "20.1.7",
      "resolved": "https://registry.npmjs.org/@angular/common/-/common-20.1.7.tgz",
      "integrity": "sha512-3eFxQ18613JpBQw53wMUZfqc2RvratWx6GqKs5A1JJpMs0qq26yc2PhJWer99u3mugpKavmKoKpXFBkuWg50Qw==",
      "license": "MIT",
      "peer": true,
      "dependencies": {
        "tslib": "^2.3.0"
      },
      "engines": {
        "node": "^20.19.0 || ^22.12.0 || >=24.0.0"
      },
      "peerDependencies": {
        "@angular/core": "20.1.7",
        "rxjs": "^6.5.3 || ^7.4.0"
      }
    },
    "node_modules/@angular/core": {
      "version": "20.1.7",
      "resolved": "https://registry.npmjs.org/@angular/core/-/core-20.1.7.tgz",
      "integrity": "sha512-LL5nyCQ9yrMLQMfAPgambGCPEQmpuHrg3cTRI0P9EMySgFoyyPUsIfWYYz5w1VWxmkfcXSkpNtyaNB5P60p0rg==",
      "license": "MIT",
      "peer": true,
      "dependencies": {
        "tslib": "^2.3.0"
      },
      "engines": {
        "node": "^20.19.0 || ^22.12.0 || >=24.0.0"
      },
      "peerDependencies": {
        "@angular/compiler": "20.1.7",
        "rxjs": "^6.5.3 || ^7.4.0",
        "zone.js": "~0.15.0"
      },
      "peerDependenciesMeta": {
        "@angular/compiler": {
          "optional": true
        },
        "zone.js": {
          "optional": true
        }
      }
    },
    "node_modules/@geoapify/geocoder-autocomplete": {
      "version": "3.0.1",
      "resolved": "https://registry.npmjs.org/@geoapify/geocoder-autocomplete/-/geocoder-autocomplete-3.0.1.tgz",
      "integrity": "sha512-zCvnDtRZKASUwJ9jNcYn1+g17IlouQQINLov/SkPC5/2e7N8CYkcMqj/SKK1ARvUkvqbFC0rMvvkJa7P6Rme7A==",
      "license": "MIT",
      "peer": true
    },
    "node_modules/rxjs": {
      "version": "7.8.2",
      "resolved": "https://registry.npmjs.org/rxjs/-/rxjs-7.8.2.tgz",
      "integrity": "sha512-dhKf903U/PQZY6boNNtAGdWbG85WAbjT/1xYoZIC7FAY0yWapOBQVsVrDl58W86//e1VpMNBtRV4MaXfdMySFA==",
      "license": "Apache-2.0",
      "peer": true,
      "dependencies": {
        "tslib": "^2.1.0"
      }
    },
    "node_modules/tslib": {
      "version": "2.8.1",
      "resolved": "https://registry.npmjs.org/tslib/-/tslib-2.8.1.tgz",
      "integrity": "sha512-oJFu94HQb+KVduSUQL7wnpmqnfmLsOA/nAh6b6EH0wCEoK0/mPeXU6c3wKDV83MkOuHPRHtSXKKU99IBazS/2w==",
      "license": "0BSD"
    }
  }
}
